
Microsoft Visual Studio Solution File, Format Version 12.00
# Visual Studio Version 17
VisualStudioVersion = 17.7.34024.191
MinimumVisualStudioVersion = 10.0.40219.1
Project("{FAE04EC0-301F-11D3-BF4B-00C04F79EFBC}") = "lesson02.09.23", "lesson02.09.23\lesson02.09.23.csproj", "{A89FD21D-B1A0-4C6C-AC95-B6A575ECC6D3}"
EndProject
Global
	GlobalSection(SolutionConfigurationPlatforms) = preSolution
		Debug|Any CPU = Debug|Any CPU
		Release|Any CPU = Release|Any CPU
	EndGlobalSection
	GlobalSection(ProjectConfigurationPlatforms) = postSolution
		{A89FD21D-B1A0-4C6C-AC95-B6A575ECC6D3}.Debug|Any CPU.ActiveCfg = Debug|Any CPU
		{A89FD21D-B1A0-4C6C-AC95-B6A575ECC6D3}.Debug|Any CPU.Build.0 = Debug|Any CPU
		{A89FD21D-B1A0-4C6C-AC95-B6A575ECC6D3}.Release|Any CPU.ActiveCfg = Release|Any CPU
		{A89FD21D-B1A0-4C6C-AC95-B6A575ECC6D3}.Release|Any CPU.Build.0 = Release|Any CPU
	EndGlobalSection
	GlobalSection(SolutionProperties) = preSolution
		HideSolutionNode = FALSE
	EndGlobalSection
	GlobalSection(ExtensibilityGlobals) = postSolution
		SolutionGuid = {5E1046DA-8D7B-4AC5-9FBF-957B98B61ECC}
	EndGlobalSection
EndGlobal
